
Microsoft Visual Studio Solution File, Format Version 12.00
# Visual Studio 15
VisualStudioVersion = 15.0.27703.2035
MinimumVisualStudioVersion = 10.0.40219.1
Project("{FAE04EC0-301F-11D3-BF4B-00C04F79EFBC}") = "Self_Assessment_Lab1", "Self_Assessment_Lab1\Self_Assessment_Lab1.csproj", "{9AA476D2-DC02-40DF-BD8D-021AA7EE7256}"
EndProject
Global
	GlobalSection(SolutionConfigurationPlatforms) = preSolution
		Debug|Any CPU = Debug|Any CPU
		Release|Any CPU = Release|Any CPU
	EndGlobalSection
	GlobalSection(ProjectConfigurationPlatforms) = postSolution
		{9AA476D2-DC02-40DF-BD8D-021AA7EE7256}.Debug|Any CPU.ActiveCfg = Debug|Any CPU
		{9AA476D2-DC02-40DF-BD8D-021AA7EE7256}.Debug|Any CPU.Build.0 = Debug|Any CPU
		{9AA476D2-DC02-40DF-BD8D-021AA7EE7256}.Release|Any CPU.ActiveCfg = Release|Any CPU
		{9AA476D2-DC02-40DF-BD8D-021AA7EE7256}.Release|Any CPU.Build.0 = Release|Any CPU
	EndGlobalSection
	GlobalSection(SolutionProperties) = preSolution
		HideSolutionNode = FALSE
	EndGlobalSection
	GlobalSection(ExtensibilityGlobals) = postSolution
		SolutionGuid = {16F453C9-FE61-4C63-9372-4C48551DE87E}
	EndGlobalSection
EndGlobal
